{
  "nodes": {
    "nixpkgs": {
      "locked": {
        "lastModified": 1622364474,
        "narHash": "sha256-bRupByHizbCba3/AgaETL+YySowmfssqWl7+p0jwcPU=",
        "owner": "NixOS",
        "repo": "nixpkgs",
        "rev": "eae0cabc124702e04bb2098070ca46d661543d29",
        "type": "github"
      },
      "original": {
        "owner": "NixOS",
        "ref": "nixos-20.09",
        "repo": "nixpkgs",
        "type": "github"
      }
    },
    "root": {
      "inputs": {
        "nixpkgs": "nixpkgs"
      }
    }
  },
  "root": "root",
  "version": 7
}
